
Microsoft Visual Studio Solution File, Format Version 12.00
# Visual Studio 14
VisualStudioVersion = 14.0.25420.1
MinimumVisualStudioVersion = 10.0.40219.1
Project("{FAE04EC0-301F-11D3-BF4B-00C04F79EFBC}") = "ProyectoUpc", "ProyectoUpc\ProyectoUpc.csproj", "{A41BD91A-9ACE-4BC9-810A-B10A377FE719}"
EndProject
Project("{FAE04EC0-301F-11D3-BF4B-00C04F79EFBC}") = "UPC.Intranet.Modelo", "UPC.Intranet.Modelo\UPC.Intranet.Modelo.csproj", "{444452A1-79F1-4073-9A2C-1F63217FFEEC}"
EndProject
Project("{FAE04EC0-301F-11D3-BF4B-00C04F79EFBC}") = "UPC.Intranet.Datos", "UPC.Intranet.Datos\UPC.Intranet.Datos.csproj", "{6B274227-77DE-45FF-8E99-B761C557013F}"
EndProject
Project("{FAE04EC0-301F-11D3-BF4B-00C04F79EFBC}") = "UPC.Intranet.Negocio", "UPC.Intranet.Negocio\UPC.Intranet.Negocio.csproj", "{49BC95D7-0D74-4968-AEB3-60EAD22E4211}"
EndProject
Global
	GlobalSection(SolutionConfigurationPlatforms) = preSolution
		Debug|Any CPU = Debug|Any CPU
		Release|Any CPU = Release|Any CPU
	EndGlobalSection
	GlobalSection(ProjectConfigurationPlatforms) = postSolution
		{A41BD91A-9ACE-4BC9-810A-B10A377FE719}.Debug|Any CPU.ActiveCfg = Debug|Any CPU
		{A41BD91A-9ACE-4BC9-810A-B10A377FE719}.Debug|Any CPU.Build.0 = Debug|Any CPU
		{A41BD91A-9ACE-4BC9-810A-B10A377FE719}.Release|Any CPU.ActiveCfg = Release|Any CPU
		{A41BD91A-9ACE-4BC9-810A-B10A377FE719}.Release|Any CPU.Build.0 = Release|Any CPU
		{444452A1-79F1-4073-9A2C-1F63217FFEEC}.Debug|Any CPU.ActiveCfg = Debug|Any CPU
		{444452A1-79F1-4073-9A2C-1F63217FFEEC}.Debug|Any CPU.Build.0 = Debug|Any CPU
		{444452A1-79F1-4073-9A2C-1F63217FFEEC}.Release|Any CPU.ActiveCfg = Release|Any CPU
		{444452A1-79F1-4073-9A2C-1F63217FFEEC}.Release|Any CPU.Build.0 = Release|Any CPU
		{6B274227-77DE-45FF-8E99-B761C557013F}.Debug|Any CPU.ActiveCfg = Debug|Any CPU
		{6B274227-77DE-45FF-8E99-B761C557013F}.Debug|Any CPU.Build.0 = Debug|Any CPU
		{6B274227-77DE-45FF-8E99-B761C557013F}.Release|Any CPU.ActiveCfg = Release|Any CPU
		{6B274227-77DE-45FF-8E99-B761C557013F}.Release|Any CPU.Build.0 = Release|Any CPU
		{49BC95D7-0D74-4968-AEB3-60EAD22E4211}.Debug|Any CPU.ActiveCfg = Debug|Any CPU
		{49BC95D7-0D74-4968-AEB3-60EAD22E4211}.Debug|Any CPU.Build.0 = Debug|Any CPU
		{49BC95D7-0D74-4968-AEB3-60EAD22E4211}.Release|Any CPU.ActiveCfg = Release|Any CPU
		{49BC95D7-0D74-4968-AEB3-60EAD22E4211}.Release|Any CPU.Build.0 = Release|Any CPU
	EndGlobalSection
	GlobalSection(SolutionProperties) = preSolution
		HideSolutionNode = FALSE
	EndGlobalSection
EndGlobal
